
Microsoft Visual Studio Solution File, Format Version 12.00
# Visual Studio Version 16
VisualStudioVersion = 16.0.30611.23
MinimumVisualStudioVersion = 10.0.40219.1
Project("{9092AA53-FB77-4645-B42D-1CCCA6BD08BD}") = "UNDERSTANDING-TS", "UNDERSTANDING-TS.njsproj", "{0C116B1F-7252-4456-B208-A11C1634821E}"
EndProject
Global
	GlobalSection(SolutionConfigurationPlatforms) = preSolution
		Debug|Any CPU = Debug|Any CPU
		Release|Any CPU = Release|Any CPU
	EndGlobalSection
	GlobalSection(ProjectConfigurationPlatforms) = postSolution
		{0C116B1F-7252-4456-B208-A11C1634821E}.Debug|Any CPU.ActiveCfg = Debug|Any CPU
		{0C116B1F-7252-4456-B208-A11C1634821E}.Debug|Any CPU.Build.0 = Debug|Any CPU
		{0C116B1F-7252-4456-B208-A11C1634821E}.Release|Any CPU.ActiveCfg = Release|Any CPU
		{0C116B1F-7252-4456-B208-A11C1634821E}.Release|Any CPU.Build.0 = Release|Any CPU
	EndGlobalSection
	GlobalSection(SolutionProperties) = preSolution
		HideSolutionNode = FALSE
	EndGlobalSection
	GlobalSection(ExtensibilityGlobals) = postSolution
		SolutionGuid = {0EC00DDE-0042-4E92-BEE0-D2CEB896CF1E}
	EndGlobalSection
EndGlobal
